
Microsoft Visual Studio Solution File, Format Version 12.00
# Visual Studio Version 17
VisualStudioVersion = 17.5.33424.131
MinimumVisualStudioVersion = 10.0.40219.1
Project("{FAE04EC0-301F-11D3-BF4B-00C04F79EFBC}") = "iPunchIt", "iPunchIt.csproj", "{4E145084-41AC-471E-A7FF-C6558BBBAC3D}"
EndProject
Global
	GlobalSection(SolutionConfigurationPlatforms) = preSolution
		Debug|Any CPU = Debug|Any CPU
		Release|Any CPU = Release|Any CPU
	EndGlobalSection
	GlobalSection(ProjectConfigurationPlatforms) = postSolution
		{4E145084-41AC-471E-A7FF-C6558BBBAC3D}.Debug|Any CPU.ActiveCfg = Debug|Any CPU
		{4E145084-41AC-471E-A7FF-C6558BBBAC3D}.Debug|Any CPU.Build.0 = Debug|Any CPU
		{4E145084-41AC-471E-A7FF-C6558BBBAC3D}.Release|Any CPU.ActiveCfg = Release|Any CPU
		{4E145084-41AC-471E-A7FF-C6558BBBAC3D}.Release|Any CPU.Build.0 = Release|Any CPU
	EndGlobalSection
	GlobalSection(SolutionProperties) = preSolution
		HideSolutionNode = FALSE
	EndGlobalSection
	GlobalSection(ExtensibilityGlobals) = postSolution
		SolutionGuid = {9184FABA-D9E6-418E-AFA0-618BCC067796}
	EndGlobalSection
EndGlobal
